{
  "name": "react-native-image-pan-zoom",
  "version": "2.0.8",
  "lockfileVersion": 1,
  "requires": true,
  "dependencies": {
    "@types/react": {
      "version": "15.6.7",
      "resolved": "https://registry.npmjs.org/@types/react/-/react-15.6.7.tgz",
      "integrity": "sha512-HMfRuwiTp7/MfjPOsVlvlduouJH3haDzjc0oXqZy3ZMn3OTl3i4gGgbxsqzA/u9gNyl/oKkwOrU2oVR6vG5SAw==",
      "dev": true
    },
    "@types/react-native": {
      "version": "0.46.11",
      "resolved": "https://registry.npmjs.org/@types/react-native/-/react-native-0.46.11.tgz",
      "integrity": "sha512-yPCn6QnCVNixiPc4rqNK85StohRmJGnyCd3Hw6PYIk2JNYnqCXhUyKHQ6ZY3/V5bbhjaipsvZjpt5jp9oeDE3w==",
      "dev": true,
      "requires": {
        "@types/react": "16.0.25"
      },
      "dependencies": {
        "@types/react": {
          "version": "16.0.25",
          "resolved": "https://registry.npmjs.org/@types/react/-/react-16.0.25.tgz",
          "integrity": "sha512-K79zMwWRzQ2db+nPoKpi3gA/KmLo6ZQgT4iO2QPEUdBO7as0PcgrmU9KHYzIO3V6lbD7gRjOM0/nUch6xBfOvQ==",
          "dev": true
        }
      }
    }
  }
}
